
Microsoft Visual Studio Solution File, Format Version 12.00
# Visual Studio 15
VisualStudioVersion = 15.0.28307.572
MinimumVisualStudioVersion = 10.0.40219.1
Project("{9A19103F-16F7-4668-BE54-9A1E7A4F7556}") = "AzureWepApp", "AzureWepApp\AzureWepApp.csproj", "{E7C43AA2-C2F8-4B3D-A0F8-5FB398F727A4}"
EndProject
Project("{FAE04EC0-301F-11D3-BF4B-00C04F79EFBC}") = "KeyVaultLib", "KeyVaultLib\KeyVaultLib.csproj", "{A0C89EEE-5EF6-492B-869D-1A5761676808}"
EndProject
Global
	GlobalSection(SolutionConfigurationPlatforms) = preSolution
		Debug|Any CPU = Debug|Any CPU
		Release|Any CPU = Release|Any CPU
	EndGlobalSection
	GlobalSection(ProjectConfigurationPlatforms) = postSolution
		{E7C43AA2-C2F8-4B3D-A0F8-5FB398F727A4}.Debug|Any CPU.ActiveCfg = Debug|Any CPU
		{E7C43AA2-C2F8-4B3D-A0F8-5FB398F727A4}.Debug|Any CPU.Build.0 = Debug|Any CPU
		{E7C43AA2-C2F8-4B3D-A0F8-5FB398F727A4}.Release|Any CPU.ActiveCfg = Release|Any CPU
		{E7C43AA2-C2F8-4B3D-A0F8-5FB398F727A4}.Release|Any CPU.Build.0 = Release|Any CPU
		{A0C89EEE-5EF6-492B-869D-1A5761676808}.Debug|Any CPU.ActiveCfg = Debug|Any CPU
		{A0C89EEE-5EF6-492B-869D-1A5761676808}.Debug|Any CPU.Build.0 = Debug|Any CPU
		{A0C89EEE-5EF6-492B-869D-1A5761676808}.Release|Any CPU.ActiveCfg = Release|Any CPU
		{A0C89EEE-5EF6-492B-869D-1A5761676808}.Release|Any CPU.Build.0 = Release|Any CPU
	EndGlobalSection
	GlobalSection(SolutionProperties) = preSolution
		HideSolutionNode = FALSE
	EndGlobalSection
	GlobalSection(ExtensibilityGlobals) = postSolution
		SolutionGuid = {AF38FFF5-EA00-4FC1-8BD7-ED0A3AB5BD07}
	EndGlobalSection
EndGlobal
